# THIS IS AN AUTOGENERATED FILE. DO NOT EDIT THIS FILE DIRECTLY.
# yarn lockfile v1


fs-extra@~6.0.1:
  version "6.0.1"
  resolved "https://registry.yarnpkg.com/fs-extra/-/fs-extra-6.0.1.tgz#8abc128f7946e310135ddc93b98bddb410e7a34b"
  dependencies:
    graceful-fs "^4.1.2"
    jsonfile "^4.0.0"
    universalify "^0.1.0"

graceful-fs@^4.1.2, graceful-fs@^4.1.6:
  version "4.1.11"
  resolved "https://registry.yarnpkg.com/graceful-fs/-/graceful-fs-4.1.11.tgz#0e8bdfe4d1ddb8854d64e04ea7c00e2a026e5658"

jsonfile@^4.0.0:
  version "4.0.0"
  resolved "https://registry.yarnpkg.com/jsonfile/-/jsonfile-4.0.0.tgz#8771aae0799b64076b76640fca058f9c10e33ecb"
  optionalDependencies:
    graceful-fs "^4.1.6"

reflect-metadata@^0.1.10:
  version "0.1.12"
  resolved "https://registry.yarnpkg.com/reflect-metadata/-/reflect-metadata-0.1.12.tgz#311bf0c6b63cd782f228a81abe146a2bfa9c56f2"

typescript@~2.8.0:
  version "2.8.4"
  resolved "https://registry.yarnpkg.com/typescript/-/typescript-2.8.4.tgz#0b1db68e6bdfb0b767fa2ab642136a35b059b199"

universalify@^0.1.0:
  version "0.1.1"
  resolved "https://registry.yarnpkg.com/universalify/-/universalify-0.1.1.tgz#fa71badd4437af4c148841e3b3b165f9e9e590b7"

vue-class-component@^6.0.0:
  version "6.2.0"
  resolved "https://registry.yarnpkg.com/vue-class-component/-/vue-class-component-6.2.0.tgz#7adb1daa9a868c75f30f97f33f4f1b94aee62089"

vue-property-decorator@~6.0.0:
  version "6.0.0"
  resolved "https://registry.yarnpkg.com/vue-property-decorator/-/vue-property-decorator-6.0.0.tgz#bb651b293542e31db0d24f36f4b0250ef08d8515"
  dependencies:
    reflect-metadata "^0.1.10"
    vue-class-component "^6.0.0"

vue@~2.5.0:
  version "2.5.16"
  resolved "https://registry.yarnpkg.com/vue/-/vue-2.5.16.tgz#07edb75e8412aaeed871ebafa99f4672584a0085"
